
Microsoft Visual Studio Solution File, Format Version 12.00
# Visual Studio 15
VisualStudioVersion = 15.0.26430.6
MinimumVisualStudioVersion = 10.0.40219.1
Project("{FAE04EC0-301F-11D3-BF4B-00C04F79EFBC}") = "AttachmentDemo", "AttachmentDemo\AttachmentDemo.csproj", "{31C0927F-EB36-437D-A1C8-CEE07E6EFAE6}"
EndProject
Project("{FAE04EC0-301F-11D3-BF4B-00C04F79EFBC}") = "AttachmentDemoWeb", "AttachmentDemoWeb\AttachmentDemoWeb.csproj", "{E7C49DB7-9D4F-47A2-8191-462BA0A2F314}"
EndProject
Global
	GlobalSection(SolutionConfigurationPlatforms) = preSolution
		Debug|Any CPU = Debug|Any CPU
		Release|Any CPU = Release|Any CPU
	EndGlobalSection
	GlobalSection(ProjectConfigurationPlatforms) = postSolution
		{31C0927F-EB36-437D-A1C8-CEE07E6EFAE6}.Debug|Any CPU.ActiveCfg = Debug|Any CPU
		{31C0927F-EB36-437D-A1C8-CEE07E6EFAE6}.Debug|Any CPU.Build.0 = Debug|Any CPU
		{31C0927F-EB36-437D-A1C8-CEE07E6EFAE6}.Debug|Any CPU.Deploy.0 = Debug|Any CPU
		{31C0927F-EB36-437D-A1C8-CEE07E6EFAE6}.Release|Any CPU.ActiveCfg = Release|Any CPU
		{31C0927F-EB36-437D-A1C8-CEE07E6EFAE6}.Release|Any CPU.Build.0 = Release|Any CPU
		{31C0927F-EB36-437D-A1C8-CEE07E6EFAE6}.Release|Any CPU.Deploy.0 = Release|Any CPU
		{E7C49DB7-9D4F-47A2-8191-462BA0A2F314}.Debug|Any CPU.ActiveCfg = Debug|Any CPU
		{E7C49DB7-9D4F-47A2-8191-462BA0A2F314}.Debug|Any CPU.Build.0 = Debug|Any CPU
		{E7C49DB7-9D4F-47A2-8191-462BA0A2F314}.Release|Any CPU.ActiveCfg = Release|Any CPU
		{E7C49DB7-9D4F-47A2-8191-462BA0A2F314}.Release|Any CPU.Build.0 = Release|Any CPU
	EndGlobalSection
	GlobalSection(SolutionProperties) = preSolution
		HideSolutionNode = FALSE
	EndGlobalSection
EndGlobal
